
Microsoft Visual Studio Solution File, Format Version 12.00
# Visual Studio Version 16
VisualStudioVersion = 16.0.32602.291
MinimumVisualStudioVersion = 10.0.40219.1
Project("{FAE04EC0-301F-11D3-BF4B-00C04F79EFBC}") = "MyTestProjects", "MyTestProjects.csproj", "{FD602ACF-AE37-4BDC-9E6B-1F38951C439B}"
EndProject
Global
	GlobalSection(SolutionConfigurationPlatforms) = preSolution
		Debug|Any CPU = Debug|Any CPU
		Release|Any CPU = Release|Any CPU
	EndGlobalSection
	GlobalSection(ProjectConfigurationPlatforms) = postSolution
		{FD602ACF-AE37-4BDC-9E6B-1F38951C439B}.Debug|Any CPU.ActiveCfg = Debug|Any CPU
		{FD602ACF-AE37-4BDC-9E6B-1F38951C439B}.Debug|Any CPU.Build.0 = Debug|Any CPU
		{FD602ACF-AE37-4BDC-9E6B-1F38951C439B}.Release|Any CPU.ActiveCfg = Release|Any CPU
		{FD602ACF-AE37-4BDC-9E6B-1F38951C439B}.Release|Any CPU.Build.0 = Release|Any CPU
	EndGlobalSection
	GlobalSection(SolutionProperties) = preSolution
		HideSolutionNode = FALSE
	EndGlobalSection
	GlobalSection(ExtensibilityGlobals) = postSolution
		SolutionGuid = {E054597E-F164-460C-9316-BE7C6BE9C169}
	EndGlobalSection
EndGlobal
